{
  "version": 4,
  "terraform_version": "1.3.6",
  "serial": 152,
  "lineage": "b666c195-dc55-455a-e941-9960e8e2ff70",
  "outputs": {
    "ip-main-master": {
      "value": [
        "tf-az-ubuntu-main-master =\u003e 192.168.197.137"
      ],
      "type": [
        "tuple",
        [
          "string"
        ]
      ]
    },
    "ip-master": {
      "value": [
        "tf-az-ubuntu-master-1 =\u003e 192.168.197.94",
        "tf-az-ubuntu-master-2 =\u003e 192.168.197.76",
        "tf-az-ubuntu-master-3 =\u003e 192.168.197.84",
        "tf-az-ubuntu-master-4 =\u003e 192.168.197.86",
        "tf-az-ubuntu-master-5 =\u003e 192.168.197.36",
        "tf-az-ubuntu-master-6 =\u003e 192.168.197.103",
        "tf-az-ubuntu-master-7 =\u003e 192.168.197.169",
        "tf-az-ubuntu-master-8 =\u003e 192.168.197.119",
        "tf-az-ubuntu-master-9 =\u003e 192.168.197.130",
        "tf-az-ubuntu-master-10 =\u003e 192.168.197.190"
      ],
      "type": [
        "tuple",
        [
          "string",
          "string",
          "string",
          "string",
          "string",
          "string",
          "string",
          "string",
          "string",
          "string"
        ]
      ]
    }
  },
  "resources": [
    {
      "module": "module.main_master",
      "mode": "data",
      "type": "openstack_images_image_v2",
      "name": "osimage_ubuntu",
      "provider": "module.main_master.provider[\"registry.terraform.io/terraform-provider-openstack/openstack\"]",
      "instances": [
        {
          "schema_version": 0,
          "attributes": {
            "checksum": "2179389b82db1ffe253c7ab36655c539",
            "container_format": "bare",
            "created_at": "2022-02-25T15:00:27Z",
            "disk_format": "raw",
            "file": "/v2/images/04f90e3c-0c17-406d-a335-730e8a08172a/file",
            "hidden": false,
            "id": "04f90e3c-0c17-406d-a335-730e8a08172a",
            "member_status": null,
            "metadata": {},
            "min_disk_gb": 0,
            "min_ram_mb": 0,
            "most_recent": false,
            "name": "ubuntu-2004-focal-v20220216",
            "owner": "d52e2dccbc7e46d8b518120fa7c8753a",
            "properties": {
              "hw_disk_bus": "scsi",
              "hw_qemu_guest_agent": "yes",
              "hw_scsi_model": "virtio-scsi",
              "os_hash_algo": "sha512",
              "os_hash_value": "c83624f3f8b9d0440c5d24cc918ebaa8fc77709b859ca25234e5f814317ead2fd9b3114af1bc9ffc037e3334eedfcb12521823f21c7e90243fd27e4deeb1f89b",
              "os_require_quiesce": "yes",
              "owner_specified.openstack.md5": "",
              "owner_specified.openstack.object": "images/ubuntu-2004-focal-v20220216",
              "owner_specified.openstack.sha256": "",
              "stores": "eu-fra-1,eu-fra-2"
            },
            "protected": false,
            "region": "",
            "schema": "/v2/schemas/image",
            "size_bytes": 2361393152,
            "size_max": null,
            "size_min": null,
            "sort_direction": "asc",
            "sort_key": "name",
            "tag": null,
            "tags": [],
            "updated_at": "2022-02-25T15:03:05Z",
            "visibility": "public"
          },
          "sensitive_attributes": []
        }
      ]
    },
    {
      "module": "module.main_master",
      "mode": "managed",
      "type": "openstack_compute_instance_v2",
      "name": "main-master",
      "provider": "module.main_master.provider[\"registry.terraform.io/terraform-provider-openstack/openstack\"]",
      "instances": [
        {
          "index_key": 0,
          "schema_version": 0,
          "attributes": {
            "access_ip_v4": "192.168.197.137",
            "access_ip_v6": "",
            "admin_pass": null,
            "all_metadata": {
              "groups": "k8s-control-plane"
            },
            "all_tags": [],
            "availability_zone": "eu-fra-1",
            "availability_zone_hints": null,
            "block_device": [
              {
                "boot_index": 0,
                "delete_on_termination": true,
                "destination_type": "volume",
                "device_type": "",
                "disk_bus": "",
                "guest_format": "",
                "source_type": "image",
                "uuid": "04f90e3c-0c17-406d-a335-730e8a08172a",
                "volume_size": 10,
                "volume_type": ""
              }
            ],
            "config_drive": null,
            "flavor_id": "ea8c90d6-0137-45f7-8d6e-4baeebc09ae9",
            "flavor_name": "gen1a-std-2",
            "floating_ip": null,
            "force_delete": false,
            "id": "034f8a23-db3f-444b-82ae-38d360d0c988",
            "image_id": "Attempt to boot from volume - no image supplied",
            "image_name": "ubuntu-2004-focal-v20220216",
            "key_pair": "az",
            "metadata": {
              "groups": "k8s-control-plane"
            },
            "name": "tf-az-ubuntu-main-master",
            "network": [
              {
                "access_network": false,
                "fixed_ip_v4": "192.168.197.137",
                "fixed_ip_v6": "",
                "floating_ip": "",
                "mac": "fa:16:3e:64:21:3b",
                "name": "nz-test-defaultnetwork",
                "port": "",
                "uuid": "e253e3e0-638f-434f-b4da-5b496fbe84e2"
              }
            ],
            "network_mode": null,
            "personality": [],
            "power_state": "active",
            "region": "",
            "scheduler_hints": [],
            "security_groups": [
              "k8s"
            ],
            "stop_before_destroy": false,
            "tags": null,
            "timeouts": null,
            "user_data": "958dc80435e383aa84bec2e382dc866726b36a0e",
            "vendor_options": [],
            "volume": []
          },
          "sensitive_attributes": [],
          "private": "eyJlMmJmYjczMC1lY2FhLTExZTYtOGY4OC0zNDM2M2JjN2M0YzAiOnsiY3JlYXRlIjoxODAwMDAwMDAwMDAwLCJkZWxldGUiOjE4MDAwMDAwMDAwMDAsInVwZGF0ZSI6MTgwMDAwMDAwMDAwMH19",
          "dependencies": [
            "module.main_master.data.openstack_images_image_v2.osimage_ubuntu"
          ]
        }
      ]
    },
    {
      "module": "module.master",
      "mode": "data",
      "type": "openstack_images_image_v2",
      "name": "osimage_ubuntu",
      "provider": "module.master.provider[\"registry.terraform.io/terraform-provider-openstack/openstack\"]",
      "instances": [
        {
          "schema_version": 0,
          "attributes": {
            "checksum": "2179389b82db1ffe253c7ab36655c539",
            "container_format": "bare",
            "created_at": "2022-02-25T15:00:27Z",
            "disk_format": "raw",
            "file": "/v2/images/04f90e3c-0c17-406d-a335-730e8a08172a/file",
            "hidden": false,
            "id": "04f90e3c-0c17-406d-a335-730e8a08172a",
            "member_status": null,
            "metadata": {},
            "min_disk_gb": 0,
            "min_ram_mb": 0,
            "most_recent": false,
            "name": "ubuntu-2004-focal-v20220216",
            "owner": "d52e2dccbc7e46d8b518120fa7c8753a",
            "properties": {
              "hw_disk_bus": "scsi",
              "hw_qemu_guest_agent": "yes",
              "hw_scsi_model": "virtio-scsi",
              "os_hash_algo": "sha512",
              "os_hash_value": "c83624f3f8b9d0440c5d24cc918ebaa8fc77709b859ca25234e5f814317ead2fd9b3114af1bc9ffc037e3334eedfcb12521823f21c7e90243fd27e4deeb1f89b",
              "os_require_quiesce": "yes",
              "owner_specified.openstack.md5": "",
              "owner_specified.openstack.object": "images/ubuntu-2004-focal-v20220216",
              "owner_specified.openstack.sha256": "",
              "stores": "eu-fra-1,eu-fra-2"
            },
            "protected": false,
            "region": "",
            "schema": "/v2/schemas/image",
            "size_bytes": 2361393152,
            "size_max": null,
            "size_min": null,
            "sort_direction": "asc",
            "sort_key": "name",
            "tag": null,
            "tags": [],
            "updated_at": "2022-02-25T15:03:05Z",
            "visibility": "public"
          },
          "sensitive_attributes": []
        }
      ]
    },
    {
      "module": "module.master",
      "mode": "managed",
      "type": "openstack_compute_instance_v2",
      "name": "master",
      "provider": "module.master.provider[\"registry.terraform.io/terraform-provider-openstack/openstack\"]",
      "instances": [
        {
          "index_key": 0,
          "schema_version": 0,
          "attributes": {
            "access_ip_v4": "192.168.197.94",
            "access_ip_v6": "",
            "admin_pass": null,
            "all_metadata": {
              "groups": "k8s-control-plane"
            },
            "all_tags": [],
            "availability_zone": "eu-fra-1",
            "availability_zone_hints": null,
            "block_device": [
              {
                "boot_index": 0,
                "delete_on_termination": true,
                "destination_type": "volume",
                "device_type": "",
                "disk_bus": "",
                "guest_format": "",
                "source_type": "image",
                "uuid": "04f90e3c-0c17-406d-a335-730e8a08172a",
                "volume_size": 10,
                "volume_type": ""
              }
            ],
            "config_drive": null,
            "flavor_id": "ea8c90d6-0137-45f7-8d6e-4baeebc09ae9",
            "flavor_name": "gen1a-std-2",
            "floating_ip": null,
            "force_delete": false,
            "id": "710ce8b7-dccd-40ad-b9ec-70e545a24443",
            "image_id": "Attempt to boot from volume - no image supplied",
            "image_name": "ubuntu-2004-focal-v20220216",
            "key_pair": "az",
            "metadata": {
              "groups": "k8s-control-plane"
            },
            "name": "tf-az-ubuntu-master-1",
            "network": [
              {
                "access_network": false,
                "fixed_ip_v4": "192.168.197.94",
                "fixed_ip_v6": "",
                "floating_ip": "",
                "mac": "fa:16:3e:fd:b2:74",
                "name": "nz-test-defaultnetwork",
                "port": "",
                "uuid": "e253e3e0-638f-434f-b4da-5b496fbe84e2"
              }
            ],
            "network_mode": null,
            "personality": [],
            "power_state": "active",
            "region": "",
            "scheduler_hints": [],
            "security_groups": [
              "k8s"
            ],
            "stop_before_destroy": false,
            "tags": null,
            "timeouts": null,
            "user_data": "59083f9b5d931effcf81ef2a9b25f056ac01752e",
            "vendor_options": [],
            "volume": []
          },
          "sensitive_attributes": [],
          "private": "eyJlMmJmYjczMC1lY2FhLTExZTYtOGY4OC0zNDM2M2JjN2M0YzAiOnsiY3JlYXRlIjoxODAwMDAwMDAwMDAwLCJkZWxldGUiOjE4MDAwMDAwMDAwMDAsInVwZGF0ZSI6MTgwMDAwMDAwMDAwMH19",
          "dependencies": [
            "module.master.data.openstack_images_image_v2.osimage_ubuntu"
          ]
        },
        {
          "index_key": 1,
          "schema_version": 0,
          "attributes": {
            "access_ip_v4": "192.168.197.76",
            "access_ip_v6": "",
            "admin_pass": null,
            "all_metadata": {
              "groups": "k8s-control-plane"
            },
            "all_tags": [],
            "availability_zone": "eu-fra-1",
            "availability_zone_hints": null,
            "block_device": [
              {
                "boot_index": 0,
                "delete_on_termination": true,
                "destination_type": "volume",
                "device_type": "",
                "disk_bus": "",
                "guest_format": "",
                "source_type": "image",
                "uuid": "04f90e3c-0c17-406d-a335-730e8a08172a",
                "volume_size": 10,
                "volume_type": ""
              }
            ],
            "config_drive": null,
            "flavor_id": "ea8c90d6-0137-45f7-8d6e-4baeebc09ae9",
            "flavor_name": "gen1a-std-2",
            "floating_ip": null,
            "force_delete": false,
            "id": "56ac37e6-2ea3-476b-b49a-6541a9503cce",
            "image_id": "Attempt to boot from volume - no image supplied",
            "image_name": "ubuntu-2004-focal-v20220216",
            "key_pair": "az",
            "metadata": {
              "groups": "k8s-control-plane"
            },
            "name": "tf-az-ubuntu-master-2",
            "network": [
              {
                "access_network": false,
                "fixed_ip_v4": "192.168.197.76",
                "fixed_ip_v6": "",
                "floating_ip": "",
                "mac": "fa:16:3e:f3:e9:bf",
                "name": "nz-test-defaultnetwork",
                "port": "",
                "uuid": "e253e3e0-638f-434f-b4da-5b496fbe84e2"
              }
            ],
            "network_mode": null,
            "personality": [],
            "power_state": "active",
            "region": "",
            "scheduler_hints": [],
            "security_groups": [
              "k8s"
            ],
            "stop_before_destroy": false,
            "tags": null,
            "timeouts": null,
            "user_data": "59083f9b5d931effcf81ef2a9b25f056ac01752e",
            "vendor_options": [],
            "volume": []
          },
          "sensitive_attributes": [],
          "private": "eyJlMmJmYjczMC1lY2FhLTExZTYtOGY4OC0zNDM2M2JjN2M0YzAiOnsiY3JlYXRlIjoxODAwMDAwMDAwMDAwLCJkZWxldGUiOjE4MDAwMDAwMDAwMDAsInVwZGF0ZSI6MTgwMDAwMDAwMDAwMH19",
          "dependencies": [
            "module.master.data.openstack_images_image_v2.osimage_ubuntu"
          ]
        },
        {
          "index_key": 2,
          "schema_version": 0,
          "attributes": {
            "access_ip_v4": "192.168.197.84",
            "access_ip_v6": "",
            "admin_pass": null,
            "all_metadata": {
              "groups": "k8s-control-plane"
            },
            "all_tags": [],
            "availability_zone": "eu-fra-1",
            "availability_zone_hints": null,
            "block_device": [
              {
                "boot_index": 0,
                "delete_on_termination": true,
                "destination_type": "volume",
                "device_type": "",
                "disk_bus": "",
                "guest_format": "",
                "source_type": "image",
                "uuid": "04f90e3c-0c17-406d-a335-730e8a08172a",
                "volume_size": 10,
                "volume_type": ""
              }
            ],
            "config_drive": null,
            "flavor_id": "ea8c90d6-0137-45f7-8d6e-4baeebc09ae9",
            "flavor_name": "gen1a-std-2",
            "floating_ip": null,
            "force_delete": false,
            "id": "2acf0da7-a301-46e9-9c0d-9f11275d7078",
            "image_id": "Attempt to boot from volume - no image supplied",
            "image_name": "ubuntu-2004-focal-v20220216",
            "key_pair": "az",
            "metadata": {
              "groups": "k8s-control-plane"
            },
            "name": "tf-az-ubuntu-master-3",
            "network": [
              {
                "access_network": false,
                "fixed_ip_v4": "192.168.197.84",
                "fixed_ip_v6": "",
                "floating_ip": "",
                "mac": "fa:16:3e:ff:10:b8",
                "name": "nz-test-defaultnetwork",
                "port": "",
                "uuid": "e253e3e0-638f-434f-b4da-5b496fbe84e2"
              }
            ],
            "network_mode": null,
            "personality": [],
            "power_state": "active",
            "region": "",
            "scheduler_hints": [],
            "security_groups": [
              "k8s"
            ],
            "stop_before_destroy": false,
            "tags": null,
            "timeouts": null,
            "user_data": "59083f9b5d931effcf81ef2a9b25f056ac01752e",
            "vendor_options": [],
            "volume": []
          },
          "sensitive_attributes": [],
          "private": "eyJlMmJmYjczMC1lY2FhLTExZTYtOGY4OC0zNDM2M2JjN2M0YzAiOnsiY3JlYXRlIjoxODAwMDAwMDAwMDAwLCJkZWxldGUiOjE4MDAwMDAwMDAwMDAsInVwZGF0ZSI6MTgwMDAwMDAwMDAwMH19",
          "dependencies": [
            "module.master.data.openstack_images_image_v2.osimage_ubuntu"
          ]
        },
        {
          "index_key": 3,
          "schema_version": 0,
          "attributes": {
            "access_ip_v4": "192.168.197.86",
            "access_ip_v6": "",
            "admin_pass": null,
            "all_metadata": {
              "groups": "k8s-control-plane"
            },
            "all_tags": [],
            "availability_zone": "eu-fra-1",
            "availability_zone_hints": null,
            "block_device": [
              {
                "boot_index": 0,
                "delete_on_termination": true,
                "destination_type": "volume",
                "device_type": "",
                "disk_bus": "",
                "guest_format": "",
                "source_type": "image",
                "uuid": "04f90e3c-0c17-406d-a335-730e8a08172a",
                "volume_size": 10,
                "volume_type": ""
              }
            ],
            "config_drive": null,
            "flavor_id": "ea8c90d6-0137-45f7-8d6e-4baeebc09ae9",
            "flavor_name": "gen1a-std-2",
            "floating_ip": null,
            "force_delete": false,
            "id": "89ae3bca-6845-4050-88e0-b02e97cbfdaa",
            "image_id": "Attempt to boot from volume - no image supplied",
            "image_name": "ubuntu-2004-focal-v20220216",
            "key_pair": "az",
            "metadata": {
              "groups": "k8s-control-plane"
            },
            "name": "tf-az-ubuntu-master-4",
            "network": [
              {
                "access_network": false,
                "fixed_ip_v4": "192.168.197.86",
                "fixed_ip_v6": "",
                "floating_ip": "",
                "mac": "fa:16:3e:b3:80:2c",
                "name": "nz-test-defaultnetwork",
                "port": "",
                "uuid": "e253e3e0-638f-434f-b4da-5b496fbe84e2"
              }
            ],
            "network_mode": null,
            "personality": [],
            "power_state": "active",
            "region": "",
            "scheduler_hints": [],
            "security_groups": [
              "k8s"
            ],
            "stop_before_destroy": false,
            "tags": null,
            "timeouts": null,
            "user_data": "59083f9b5d931effcf81ef2a9b25f056ac01752e",
            "vendor_options": [],
            "volume": []
          },
          "sensitive_attributes": [],
          "private": "eyJlMmJmYjczMC1lY2FhLTExZTYtOGY4OC0zNDM2M2JjN2M0YzAiOnsiY3JlYXRlIjoxODAwMDAwMDAwMDAwLCJkZWxldGUiOjE4MDAwMDAwMDAwMDAsInVwZGF0ZSI6MTgwMDAwMDAwMDAwMH19",
          "dependencies": [
            "module.master.data.openstack_images_image_v2.osimage_ubuntu"
          ]
        },
        {
          "index_key": 4,
          "schema_version": 0,
          "attributes": {
            "access_ip_v4": "192.168.197.36",
            "access_ip_v6": "",
            "admin_pass": null,
            "all_metadata": {
              "groups": "k8s-control-plane"
            },
            "all_tags": [],
            "availability_zone": "eu-fra-1",
            "availability_zone_hints": null,
            "block_device": [
              {
                "boot_index": 0,
                "delete_on_termination": true,
                "destination_type": "volume",
                "device_type": "",
                "disk_bus": "",
                "guest_format": "",
                "source_type": "image",
                "uuid": "04f90e3c-0c17-406d-a335-730e8a08172a",
                "volume_size": 10,
                "volume_type": ""
              }
            ],
            "config_drive": null,
            "flavor_id": "ea8c90d6-0137-45f7-8d6e-4baeebc09ae9",
            "flavor_name": "gen1a-std-2",
            "floating_ip": null,
            "force_delete": false,
            "id": "c4ddebe6-a045-4a88-9f94-6a834847e848",
            "image_id": "Attempt to boot from volume - no image supplied",
            "image_name": "ubuntu-2004-focal-v20220216",
            "key_pair": "az",
            "metadata": {
              "groups": "k8s-control-plane"
            },
            "name": "tf-az-ubuntu-master-5",
            "network": [
              {
                "access_network": false,
                "fixed_ip_v4": "192.168.197.36",
                "fixed_ip_v6": "",
                "floating_ip": "",
                "mac": "fa:16:3e:c7:11:88",
                "name": "nz-test-defaultnetwork",
                "port": "",
                "uuid": "e253e3e0-638f-434f-b4da-5b496fbe84e2"
              }
            ],
            "network_mode": null,
            "personality": [],
            "power_state": "active",
            "region": "",
            "scheduler_hints": [],
            "security_groups": [
              "k8s"
            ],
            "stop_before_destroy": false,
            "tags": null,
            "timeouts": null,
            "user_data": "59083f9b5d931effcf81ef2a9b25f056ac01752e",
            "vendor_options": [],
            "volume": []
          },
          "sensitive_attributes": [],
          "private": "eyJlMmJmYjczMC1lY2FhLTExZTYtOGY4OC0zNDM2M2JjN2M0YzAiOnsiY3JlYXRlIjoxODAwMDAwMDAwMDAwLCJkZWxldGUiOjE4MDAwMDAwMDAwMDAsInVwZGF0ZSI6MTgwMDAwMDAwMDAwMH19",
          "dependencies": [
            "module.master.data.openstack_images_image_v2.osimage_ubuntu"
          ]
        },
        {
          "index_key": 5,
          "schema_version": 0,
          "attributes": {
            "access_ip_v4": "192.168.197.103",
            "access_ip_v6": "",
            "admin_pass": null,
            "all_metadata": {
              "groups": "k8s-control-plane"
            },
            "all_tags": [],
            "availability_zone": "eu-fra-1",
            "availability_zone_hints": null,
            "block_device": [
              {
                "boot_index": 0,
                "delete_on_termination": true,
                "destination_type": "volume",
                "device_type": "",
                "disk_bus": "",
                "guest_format": "",
                "source_type": "image",
                "uuid": "04f90e3c-0c17-406d-a335-730e8a08172a",
                "volume_size": 10,
                "volume_type": ""
              }
            ],
            "config_drive": null,
            "flavor_id": "ea8c90d6-0137-45f7-8d6e-4baeebc09ae9",
            "flavor_name": "gen1a-std-2",
            "floating_ip": null,
            "force_delete": false,
            "id": "b5003ab6-6d5a-49cf-a762-065cd138f6c7",
            "image_id": "Attempt to boot from volume - no image supplied",
            "image_name": "ubuntu-2004-focal-v20220216",
            "key_pair": "az",
            "metadata": {
              "groups": "k8s-control-plane"
            },
            "name": "tf-az-ubuntu-master-6",
            "network": [
              {
                "access_network": false,
                "fixed_ip_v4": "192.168.197.103",
                "fixed_ip_v6": "",
                "floating_ip": "",
                "mac": "fa:16:3e:c2:65:06",
                "name": "nz-test-defaultnetwork",
                "port": "",
                "uuid": "e253e3e0-638f-434f-b4da-5b496fbe84e2"
              }
            ],
            "network_mode": null,
            "personality": [],
            "power_state": "active",
            "region": "",
            "scheduler_hints": [],
            "security_groups": [
              "k8s"
            ],
            "stop_before_destroy": false,
            "tags": null,
            "timeouts": null,
            "user_data": "59083f9b5d931effcf81ef2a9b25f056ac01752e",
            "vendor_options": [],
            "volume": []
          },
          "sensitive_attributes": [],
          "private": "eyJlMmJmYjczMC1lY2FhLTExZTYtOGY4OC0zNDM2M2JjN2M0YzAiOnsiY3JlYXRlIjoxODAwMDAwMDAwMDAwLCJkZWxldGUiOjE4MDAwMDAwMDAwMDAsInVwZGF0ZSI6MTgwMDAwMDAwMDAwMH19",
          "dependencies": [
            "module.master.data.openstack_images_image_v2.osimage_ubuntu"
          ]
        },
        {
          "index_key": 6,
          "schema_version": 0,
          "attributes": {
            "access_ip_v4": "192.168.197.169",
            "access_ip_v6": "",
            "admin_pass": null,
            "all_metadata": {
              "groups": "k8s-control-plane"
            },
            "all_tags": [],
            "availability_zone": "eu-fra-1",
            "availability_zone_hints": null,
            "block_device": [
              {
                "boot_index": 0,
                "delete_on_termination": true,
                "destination_type": "volume",
                "device_type": "",
                "disk_bus": "",
                "guest_format": "",
                "source_type": "image",
                "uuid": "04f90e3c-0c17-406d-a335-730e8a08172a",
                "volume_size": 10,
                "volume_type": ""
              }
            ],
            "config_drive": null,
            "flavor_id": "ea8c90d6-0137-45f7-8d6e-4baeebc09ae9",
            "flavor_name": "gen1a-std-2",
            "floating_ip": null,
            "force_delete": false,
            "id": "d4071f26-44d9-47f8-a252-12cb2f706861",
            "image_id": "Attempt to boot from volume - no image supplied",
            "image_name": "ubuntu-2004-focal-v20220216",
            "key_pair": "az",
            "metadata": {
              "groups": "k8s-control-plane"
            },
            "name": "tf-az-ubuntu-master-7",
            "network": [
              {
                "access_network": false,
                "fixed_ip_v4": "192.168.197.169",
                "fixed_ip_v6": "",
                "floating_ip": "",
                "mac": "fa:16:3e:c7:01:2e",
                "name": "nz-test-defaultnetwork",
                "port": "",
                "uuid": "e253e3e0-638f-434f-b4da-5b496fbe84e2"
              }
            ],
            "network_mode": null,
            "personality": [],
            "power_state": "active",
            "region": "",
            "scheduler_hints": [],
            "security_groups": [
              "k8s"
            ],
            "stop_before_destroy": false,
            "tags": null,
            "timeouts": null,
            "user_data": "59083f9b5d931effcf81ef2a9b25f056ac01752e",
            "vendor_options": [],
            "volume": []
          },
          "sensitive_attributes": [],
          "private": "eyJlMmJmYjczMC1lY2FhLTExZTYtOGY4OC0zNDM2M2JjN2M0YzAiOnsiY3JlYXRlIjoxODAwMDAwMDAwMDAwLCJkZWxldGUiOjE4MDAwMDAwMDAwMDAsInVwZGF0ZSI6MTgwMDAwMDAwMDAwMH19",
          "dependencies": [
            "module.master.data.openstack_images_image_v2.osimage_ubuntu"
          ]
        },
        {
          "index_key": 7,
          "schema_version": 0,
          "attributes": {
            "access_ip_v4": "192.168.197.119",
            "access_ip_v6": "",
            "admin_pass": null,
            "all_metadata": {
              "groups": "k8s-control-plane"
            },
            "all_tags": [],
            "availability_zone": "eu-fra-1",
            "availability_zone_hints": null,
            "block_device": [
              {
                "boot_index": 0,
                "delete_on_termination": true,
                "destination_type": "volume",
                "device_type": "",
                "disk_bus": "",
                "guest_format": "",
                "source_type": "image",
                "uuid": "04f90e3c-0c17-406d-a335-730e8a08172a",
                "volume_size": 10,
                "volume_type": ""
              }
            ],
            "config_drive": null,
            "flavor_id": "ea8c90d6-0137-45f7-8d6e-4baeebc09ae9",
            "flavor_name": "gen1a-std-2",
            "floating_ip": null,
            "force_delete": false,
            "id": "b8634113-f788-4dab-932f-5227aa2ae45f",
            "image_id": "Attempt to boot from volume - no image supplied",
            "image_name": "ubuntu-2004-focal-v20220216",
            "key_pair": "az",
            "metadata": {
              "groups": "k8s-control-plane"
            },
            "name": "tf-az-ubuntu-master-8",
            "network": [
              {
                "access_network": false,
                "fixed_ip_v4": "192.168.197.119",
                "fixed_ip_v6": "",
                "floating_ip": "",
                "mac": "fa:16:3e:f1:f4:01",
                "name": "nz-test-defaultnetwork",
                "port": "",
                "uuid": "e253e3e0-638f-434f-b4da-5b496fbe84e2"
              }
            ],
            "network_mode": null,
            "personality": [],
            "power_state": "active",
            "region": "",
            "scheduler_hints": [],
            "security_groups": [
              "k8s"
            ],
            "stop_before_destroy": false,
            "tags": null,
            "timeouts": null,
            "user_data": "59083f9b5d931effcf81ef2a9b25f056ac01752e",
            "vendor_options": [],
            "volume": []
          },
          "sensitive_attributes": [],
          "private": "eyJlMmJmYjczMC1lY2FhLTExZTYtOGY4OC0zNDM2M2JjN2M0YzAiOnsiY3JlYXRlIjoxODAwMDAwMDAwMDAwLCJkZWxldGUiOjE4MDAwMDAwMDAwMDAsInVwZGF0ZSI6MTgwMDAwMDAwMDAwMH19",
          "dependencies": [
            "module.master.data.openstack_images_image_v2.osimage_ubuntu"
          ]
        },
        {
          "index_key": 8,
          "schema_version": 0,
          "attributes": {
            "access_ip_v4": "192.168.197.130",
            "access_ip_v6": "",
            "admin_pass": null,
            "all_metadata": {
              "groups": "k8s-control-plane"
            },
            "all_tags": [],
            "availability_zone": "eu-fra-1",
            "availability_zone_hints": null,
            "block_device": [
              {
                "boot_index": 0,
                "delete_on_termination": true,
                "destination_type": "volume",
                "device_type": "",
                "disk_bus": "",
                "guest_format": "",
                "source_type": "image",
                "uuid": "04f90e3c-0c17-406d-a335-730e8a08172a",
                "volume_size": 10,
                "volume_type": ""
              }
            ],
            "config_drive": null,
            "flavor_id": "ea8c90d6-0137-45f7-8d6e-4baeebc09ae9",
            "flavor_name": "gen1a-std-2",
            "floating_ip": null,
            "force_delete": false,
            "id": "f914369f-95e6-4931-add3-d146b40e80e2",
            "image_id": "Attempt to boot from volume - no image supplied",
            "image_name": "ubuntu-2004-focal-v20220216",
            "key_pair": "az",
            "metadata": {
              "groups": "k8s-control-plane"
            },
            "name": "tf-az-ubuntu-master-9",
            "network": [
              {
                "access_network": false,
                "fixed_ip_v4": "192.168.197.130",
                "fixed_ip_v6": "",
                "floating_ip": "",
                "mac": "fa:16:3e:f9:dc:07",
                "name": "nz-test-defaultnetwork",
                "port": "",
                "uuid": "e253e3e0-638f-434f-b4da-5b496fbe84e2"
              }
            ],
            "network_mode": null,
            "personality": [],
            "power_state": "active",
            "region": "",
            "scheduler_hints": [],
            "security_groups": [
              "k8s"
            ],
            "stop_before_destroy": false,
            "tags": null,
            "timeouts": null,
            "user_data": "59083f9b5d931effcf81ef2a9b25f056ac01752e",
            "vendor_options": [],
            "volume": []
          },
          "sensitive_attributes": [],
          "private": "eyJlMmJmYjczMC1lY2FhLTExZTYtOGY4OC0zNDM2M2JjN2M0YzAiOnsiY3JlYXRlIjoxODAwMDAwMDAwMDAwLCJkZWxldGUiOjE4MDAwMDAwMDAwMDAsInVwZGF0ZSI6MTgwMDAwMDAwMDAwMH19",
          "dependencies": [
            "module.master.data.openstack_images_image_v2.osimage_ubuntu"
          ]
        },
        {
          "index_key": 9,
          "schema_version": 0,
          "attributes": {
            "access_ip_v4": "192.168.197.190",
            "access_ip_v6": "",
            "admin_pass": null,
            "all_metadata": {
              "groups": "k8s-control-plane"
            },
            "all_tags": [],
            "availability_zone": "eu-fra-1",
            "availability_zone_hints": null,
            "block_device": [
              {
                "boot_index": 0,
                "delete_on_termination": true,
                "destination_type": "volume",
                "device_type": "",
                "disk_bus": "",
                "guest_format": "",
                "source_type": "image",
                "uuid": "04f90e3c-0c17-406d-a335-730e8a08172a",
                "volume_size": 10,
                "volume_type": ""
              }
            ],
            "config_drive": null,
            "flavor_id": "ea8c90d6-0137-45f7-8d6e-4baeebc09ae9",
            "flavor_name": "gen1a-std-2",
            "floating_ip": null,
            "force_delete": false,
            "id": "0fcd889a-7d7e-4f05-a790-b4dcfab819d7",
            "image_id": "Attempt to boot from volume - no image supplied",
            "image_name": "ubuntu-2004-focal-v20220216",
            "key_pair": "az",
            "metadata": {
              "groups": "k8s-control-plane"
            },
            "name": "tf-az-ubuntu-master-10",
            "network": [
              {
                "access_network": false,
                "fixed_ip_v4": "192.168.197.190",
                "fixed_ip_v6": "",
                "floating_ip": "",
                "mac": "fa:16:3e:30:58:2a",
                "name": "nz-test-defaultnetwork",
                "port": "",
                "uuid": "e253e3e0-638f-434f-b4da-5b496fbe84e2"
              }
            ],
            "network_mode": null,
            "personality": [],
            "power_state": "active",
            "region": "",
            "scheduler_hints": [],
            "security_groups": [
              "k8s"
            ],
            "stop_before_destroy": false,
            "tags": null,
            "timeouts": null,
            "user_data": "59083f9b5d931effcf81ef2a9b25f056ac01752e",
            "vendor_options": [],
            "volume": []
          },
          "sensitive_attributes": [],
          "private": "eyJlMmJmYjczMC1lY2FhLTExZTYtOGY4OC0zNDM2M2JjN2M0YzAiOnsiY3JlYXRlIjoxODAwMDAwMDAwMDAwLCJkZWxldGUiOjE4MDAwMDAwMDAwMDAsInVwZGF0ZSI6MTgwMDAwMDAwMDAwMH19",
          "dependencies": [
            "module.master.data.openstack_images_image_v2.osimage_ubuntu"
          ]
        }
      ]
    }
  ],
  "check_results": null
}
